// !$*UTF8*$!
{
	archiveVersion = 1;
	classes = {
	};
	objectVersion = 55;
	objects = {

/* Begin PBXBuildFile section */
		9306F73C2924563E003DE027 /* UserInputVC.swift in Sources */ = {isa = PBXBuildFile; fileRef = 9306F73B2924563E003DE027 /* UserInputVC.swift */; };
		93334C9B2913310100991CDA /* AppDelegate.swift in Sources */ = {isa = PBXBuildFile; fileRef = 93334C9A2913310100991CDA /* AppDelegate.swift */; };
		93334C9D2913310100991CDA /* SceneDelegate.swift in Sources */ = {isa = PBXBuildFile; fileRef = 93334C9C2913310100991CDA /* SceneDelegate.swift */; };
		93334C9F2913310100991CDA /* MainVC.swift in Sources */ = {isa = PBXBuildFile; fileRef = 93334C9E2913310100991CDA /* MainVC.swift */; };
		93334CA22913310100991CDA /* Main.storyboard in Resources */ = {isa = PBXBuildFile; fileRef = 93334CA02913310100991CDA /* Main.storyboard */; };
		93334CA42913310300991CDA /* Assets.xcassets in Resources */ = {isa = PBXBuildFile; fileRef = 93334CA32913310300991CDA /* Assets.xcassets */; };
		93334CA72913310300991CDA /* LaunchScreen.storyboard in Resources */ = {isa = PBXBuildFile; fileRef = 93334CA52913310300991CDA /* LaunchScreen.storyboard */; };
		93334CAF291332BE00991CDA /* Color Manager.swift in Sources */ = {isa = PBXBuildFile; fileRef = 93334CAE291332BE00991CDA /* Color Manager.swift */; };
/* End PBXBuildFile section */

/* Begin PBXFileReference section */
		9306F73B2924563E003DE027 /* UserInputVC.swift */ = {isa = PBXFileReference; lastKnownFileType = sourcecode.swift; path = UserInputVC.swift; sourceTree = "<group>"; };
		93334C972913310100991CDA /* On it! - Task Scheduling.app */ = {isa = PBXFileReference; explicitFileType = wrapper.application; includeInIndex = 0; path = "On it! - Task Scheduling.app"; sourceTree = BUILT_PRODUCTS_DIR; };
		93334C9A2913310100991CDA /* AppDelegate.swift */ = {isa = PBXFileReference; lastKnownFileType = sourcecode.swift; path = AppDelegate.swift; sourceTree = "<group>"; };
		93334C9C2913310100991CDA /* SceneDelegate.swift */ = {isa = PBXFileReference; lastKnownFileType = sourcecode.swift; path = SceneDelegate.swift; sourceTree = "<group>"; };
		93334C9E2913310100991CDA /* MainVC.swift */ = {isa = PBXFileReference; lastKnownFileType = sourcecode.swift; path = MainVC.swift; sourceTree = "<group>"; };
		93334CA12913310100991CDA /* Base */ = {isa = PBXFileReference; lastKnownFileType = file.storyboard; name = Base; path = Base.lproj/Main.storyboard; sourceTree = "<group>"; };
		93334CA32913310300991CDA /* Assets.xcassets */ = {isa = PBXFileReference; lastKnownFileType = folder.assetcatalog; path = Assets.xcassets; sourceTree = "<group>"; };
		93334CA62913310300991CDA /* Base */ = {isa = PBXFileReference; lastKnownFileType = file.storyboard; name = Base; path = Base.lproj/LaunchScreen.storyboard; sourceTree = "<group>"; };
		93334CA82913310300991CDA /* Info.plist */ = {isa = PBXFileReference; lastKnownFileType = text.plist.xml; path = Info.plist; sourceTree = "<group>"; };
		93334CAE291332BE00991CDA /* Color Manager.swift */ = {isa = PBXFileReference; lastKnownFileType = sourcecode.swift; path = "Color Manager.swift"; sourceTree = "<group>"; };
/* End PBXFileReference section */

/* Begin PBXFrameworksBuildPhase section */
		93334C942913310100991CDA /* Frameworks */ = {
			isa = PBXFrameworksBuildPhase;
			buildActionMask = 2147483647;
			files = (
			);
			runOnlyForDeploymentPostprocessing = 0;
		};
/* End PBXFrameworksBuildPhase section */

/* Begin PBXGroup section */
		93334C8E2913310100991CDA = {
			isa = PBXGroup;
			children = (
				93334C992913310100991CDA /* On it! - Task Scheduling */,
				93334C982913310100991CDA /* Products */,
			);
			sourceTree = "<group>";
		};
		93334C982913310100991CDA /* Products */ = {
			isa = PBXGroup;
			children = (
				93334C972913310100991CDA /* On it! - Task Scheduling.app */,
			);
			name = Products;
			sourceTree = "<group>";
		};
		93334C992913310100991CDA /* On it! - Task Scheduling */ = {
			isa = PBXGroup;
			children = (
				93334C9A2913310100991CDA /* AppDelegate.swift */,
				93334CAE291332BE00991CDA /* Color Manager.swift */,
				93334C9C2913310100991CDA /* SceneDelegate.swift */,
				93334C9E2913310100991CDA /* MainVC.swift */,
				9306F73B2924563E003DE027 /* UserInputVC.swift */,
				93334CA02913310100991CDA /* Main.storyboard */,
				93334CA32913310300991CDA /* Assets.xcassets */,
				93334CA52913310300991CDA /* LaunchScreen.storyboard */,
				93334CA82913310300991CDA /* Info.plist */,
			);
			path = "On it! - Task Scheduling";
			sourceTree = "<group>";
		};
/* End PBXGroup section */

/* Begin PBXNativeTarget section */
		93334C962913310100991CDA /* On it! - Task Scheduling */ = {
			isa = PBXNativeTarget;
			buildConfigurationList = 93334CAB2913310300991CDA /* Build configuration list for PBXNativeTarget "On it! - Task Scheduling" */;
			buildPhases = (
				93334C932913310100991CDA /* Sources */,
				93334C942913310100991CDA /* Frameworks */,
				93334C952913310100991CDA /* Resources */,
			);
			buildRules = (
			);
			dependencies = (
			);
			name = "On it! - Task Scheduling";
			productName = "On it! - Task Scheduling";
			productReference = 93334C972913310100991CDA /* On it! - Task Scheduling.app */;
			productType = "com.apple.product-type.application";
		};
/* End PBXNativeTarget section */

/* Begin PBXProject section */
		93334C8F2913310100991CDA /* Project object */ = {
			isa = PBXProject;
			attributes = {
				BuildIndependentTargetsInParallel = 1;
				LastSwiftUpdateCheck = 1340;
				LastUpgradeCheck = 1340;
				TargetAttributes = {
					93334C962913310100991CDA = {
						CreatedOnToolsVersion = 13.4;
					};
				};
			};
			buildConfigurationList = 93334C922913310100991CDA /* Build configuration list for PBXProject "On it! - Task Scheduling" */;
			compatibilityVersion = "Xcode 13.0";
			developmentRegion = en;
			hasScannedForEncodings = 0;
			knownRegions = (
				en,
				Base,
			);
			mainGroup = 93334C8E2913310100991CDA;
			productRefGroup = 93334C982913310100991CDA /* Products */;
			projectDirPath = "";
			projectRoot = "";
			targets = (
				93334C962913310100991CDA /* On it! - Task Scheduling */,
			);
		};
/* End PBXProject section */

/* Begin PBXResourcesBuildPhase section */
		93334C952913310100991CDA /* Resources */ = {
			isa = PBXResourcesBuildPhase;
			buildActionMask = 2147483647;
			files = (
				93334CA72913310300991CDA /* LaunchScreen.storyboard in Resources */,
				93334CA42913310300991CDA /* Assets.xcassets in Resources */,
				93334CA22913310100991CDA /* Main.storyboard in Resources */,
			);
			runOnlyForDeploymentPostprocessing = 0;
		};
/* End PBXResourcesBuildPhase section */

/* Begin PBXSourcesBuildPhase section */
		93334C932913310100991CDA /* Sources */ = {
			isa = PBXSourcesBuildPhase;
			buildActionMask = 2147483647;
			files = (
				9306F73C2924563E003DE027 /* UserInputVC.swift in Sources */,
				93334CAF291332BE00991CDA /* Color Manager.swift in Sources */,
				93334C9F2913310100991CDA /* MainVC.swift in Sources */,
				93334C9B2913310100991CDA /* AppDelegate.swift in Sources */,
				93334C9D2913310100991CDA /* SceneDelegate.swift in Sources */,
			);
			runOnlyForDeploymentPostprocessing = 0;
		};
/* End PBXSourcesBuildPhase section */

/* Begin PBXVariantGroup section */
		93334CA02913310100991CDA /* Main.storyboard */ = {
			isa = PBXVariantGroup;
			children = (
				93334CA12913310100991CDA /* Base */,
			);
			name = Main.storyboard;
			sourceTree = "<group>";
		};
		93334CA52913310300991CDA /* LaunchScreen.storyboard */ = {
			isa = PBXVariantGroup;
			children = (
				93334CA62913310300991CDA /* Base */,
			);
			name = LaunchScreen.storyboard;
			sourceTree = "<group>";
		};
/* End PBXVariantGroup section */

/* Begin XCBuildConfiguration section */
		93334CA92913310300991CDA /* Debug */ = {
			isa = XCBuildConfiguration;
			buildSettings = {
				ALWAYS_SEARCH_USER_PATHS = NO;
				CLANG_ANALYZER_NONNULL = YES;
				CLANG_ANALYZER_NUMBER_OBJECT_CONVERSION = YES_AGGRESSIVE;
				CLANG_CXX_LANGUAGE_STANDARD = "gnu++17";
				CLANG_ENABLE_MODULES = YES;
				CLANG_ENABLE_OBJC_ARC = YES;
				CLANG_ENABLE_OBJC_WEAK = YES;
				CLANG_WARN_BLOCK_CAPTURE_AUTORELEASING = YES;
				CLANG_WARN_BOOL_CONVERSION = YES;
				CLANG_WARN_COMMA = YES;
				CLANG_WARN_CONSTANT_CONVERSION = YES;
				CLANG_WARN_DEPRECATED_OBJC_IMPLEMENTATIONS = YES;
				CLANG_WARN_DIRECT_OBJC_ISA_USAGE = YES_ERROR;
				CLANG_WARN_DOCUMENTATION_COMMENTS = YES;
				CLANG_WARN_EMPTY_BODY = YES;
				CLANG_WARN_ENUM_CONVERSION = YES;
				CLANG_WARN_INFINITE_RECURSION = YES;
				CLANG_WARN_INT_CONVERSION = YES;
				CLANG_WARN_NON_LITERAL_NULL_CONVERSION = YES;
				CLANG_WARN_OBJC_IMPLICIT_RETAIN_SELF = YES;
				CLANG_WARN_OBJC_LITERAL_CONVERSION = YES;
				CLANG_WARN_OBJC_ROOT_CLASS = YES_ERROR;
				CLANG_WARN_QUOTED_INCLUDE_IN_FRAMEWORK_HEADER = YES;
				CLANG_WARN_RANGE_LOOP_ANALYSIS = YES;
				CLANG_WARN_STRICT_PROTOTYPES = YES;
				CLANG_WARN_SUSPICIOUS_MOVE = YES;
				CLANG_WARN_UNGUARDED_AVAILABILITY = YES_AGGRESSIVE;
				CLANG_WARN_UNREACHABLE_CODE = YES;
				CLANG_WARN__DUPLICATE_METHOD_MATCH = YES;
				COPY_PHASE_STRIP = NO;
				DEBUG_INFORMATION_FORMAT = dwarf;
				ENABLE_STRICT_OBJC_MSGSEND = YES;
				ENABLE_TESTABILITY = YES;
				GCC_C_LANGUAGE_STANDARD = gnu11;
				GCC_DYNAMIC_NO_PIC = NO;
				GCC_NO_COMMON_BLOCKS = YES;
				GCC_OPTIMIZATION_LEVEL = 0;
				GCC_PREPROCESSOR_DEFINITIONS = (
					"DEBUG=1",
					"$(inherited)",
				);
				GCC_WARN_64_TO_32_BIT_CONVERSION = YES;
				GCC_WARN_ABOUT_RETURN_TYPE = YES_ERROR;
				GCC_WARN_UNDECLARED_SELECTOR = YES;
				GCC_WARN_UNINITIALIZED_AUTOS = YES_AGGRESSIVE;
				GCC_WARN_UNUSED_FUNCTION = YES;
				GCC_WARN_UNUSED_VARIABLE = YES;
				IPHONEOS_DEPLOYMENT_TARGET = 15.5;
				MTL_ENABLE_DEBUG_INFO = INCLUDE_SOURCE;
				MTL_FAST_MATH = YES;
				ONLY_ACTIVE_ARCH = YES;
				SDKROOT = iphoneos;
				SWIFT_ACTIVE_COMPILATION_CONDITIONS = DEBUG;
				SWIFT_OPTIMIZATION_LEVEL = "-Onone";
			};
			name = Debug;
		};
		93334CAA2913310300991CDA /* Release */ = {
			isa = XCBuildConfiguration;
			buildSettings = {
				ALWAYS_SEARCH_USER_PATHS = NO;
				CLANG_ANALYZER_NONNULL = YES;
				CLANG_ANALYZER_NUMBER_OBJECT_CONVERSION = YES_AGGRESSIVE;
				CLANG_CXX_LANGUAGE_STANDARD = "gnu++17";
				CLANG_ENABLE_MODULES = YES;
				CLANG_ENABLE_OBJC_ARC = YES;
				CLANG_ENABLE_OBJC_WEAK = YES;
				CLANG_WARN_BLOCK_CAPTURE_AUTORELEASING = YES;
				CLANG_WARN_BOOL_CONVERSION = YES;
				CLANG_WARN_COMMA = YES;
				CLANG_WARN_CONSTANT_CONVERSION = YES;
				CLANG_WARN_DEPRECATED_OBJC_IMPLEMENTATIONS = YES;
				CLANG_WARN_DIRECT_OBJC_ISA_USAGE = YES_ERROR;
				CLANG_WARN_DOCUMENTATION_COMMENTS = YES;
				CLANG_WARN_EMPTY_BODY = YES;
				CLANG_WARN_ENUM_CONVERSION = YES;
				CLANG_WARN_INFINITE_RECURSION = YES;
				CLANG_WARN_INT_CONVERSION = YES;
				CLANG_WARN_NON_LITERAL_NULL_CONVERSION = YES;
				CLANG_WARN_OBJC_IMPLICIT_RETAIN_SELF = YES;
				CLANG_WARN_OBJC_LITERAL_CONVERSION = YES;
				CLANG_WARN_OBJC_ROOT_CLASS = YES_ERROR;
				CLANG_WARN_QUOTED_INCLUDE_IN_FRAMEWORK_HEADER = YES;
				CLANG_WARN_RANGE_LOOP_ANALYSIS = YES;
				CLANG_WARN_STRICT_PROTOTYPES = YES;
				CLANG_WARN_SUSPICIOUS_MOVE = YES;
				CLANG_WARN_UNGUARDED_AVAILABILITY = YES_AGGRESSIVE;
				CLANG_WARN_UNREACHABLE_CODE = YES;
				CLANG_WARN__DUPLICATE_METHOD_MATCH = YES;
				COPY_PHASE_STRIP = NO;
				DEBUG_INFORMATION_FORMAT = "dwarf-with-dsym";
				ENABLE_NS_ASSERTIONS = NO;
				ENABLE_STRICT_OBJC_MSGSEND = YES;
				GCC_C_LANGUAGE_STANDARD = gnu11;
				GCC_NO_COMMON_BLOCKS = YES;
				GCC_WARN_64_TO_32_BIT_CONVERSION = YES;
				GCC_WARN_ABOUT_RETURN_TYPE = YES_ERROR;
				GCC_WARN_UNDECLARED_SELECTOR = YES;
				GCC_WARN_UNINITIALIZED_AUTOS = YES_AGGRESSIVE;
				GCC_WARN_UNUSED_FUNCTION = YES;
				GCC_WARN_UNUSED_VARIABLE = YES;
				IPHONEOS_DEPLOYMENT_TARGET = 15.5;
				MTL_ENABLE_DEBUG_INFO = NO;
				MTL_FAST_MATH = YES;
				SDKROOT = iphoneos;
				SWIFT_COMPILATION_MODE = wholemodule;
				SWIFT_OPTIMIZATION_LEVEL = "-O";
				VALIDATE_PRODUCT = YES;
			};
			name = Release;
		};
		93334CAC2913310300991CDA /* Debug */ = {
			isa = XCBuildConfiguration;
			buildSettings = {
				ASSETCATALOG_COMPILER_APPICON_NAME = AppIcon;
				ASSETCATALOG_COMPILER_GLOBAL_ACCENT_COLOR_NAME = AccentColor;
				CODE_SIGN_STYLE = Automatic;
				CURRENT_PROJECT_VERSION = 1;
				DEVELOPMENT_TEAM = 2GNX9Y2SZ7;
				GENERATE_INFOPLIST_FILE = YES;
				INFOPLIST_FILE = "On it! - Task Scheduling/Info.plist";
				INFOPLIST_KEY_UIApplicationSupportsIndirectInputEvents = YES;
				INFOPLIST_KEY_UILaunchStoryboardName = LaunchScreen;
				INFOPLIST_KEY_UIMainStoryboardFile = Main;
				INFOPLIST_KEY_UISupportedInterfaceOrientations_iPad = "UIInterfaceOrientationPortrait UIInterfaceOrientationPortraitUpsideDown UIInterfaceOrientationLandscapeLeft UIInterfaceOrientationLandscapeRight";
				INFOPLIST_KEY_UISupportedInterfaceOrientations_iPhone = "UIInterfaceOrientationPortrait UIInterfaceOrientationLandscapeLeft UIInterfaceOrientationLandscapeRight";
				LD_RUNPATH_SEARCH_PATHS = (
					"$(inherited)",
					"@executable_path/Frameworks",
				);
				MARKETING_VERSION = 1.0;
				PRODUCT_BUNDLE_IDENTIFIER = "Daniel-Ocasio.On-it----Task-Scheduling";
				PRODUCT_NAME = "$(TARGET_NAME)";
				SWIFT_EMIT_LOC_STRINGS = YES;
				SWIFT_VERSION = 5.0;
				TARGETED_DEVICE_FAMILY = "1,2";
			};
			name = Debug;
		};
		93334CAD2913310300991CDA /* Release */ = {
			isa = XCBuildConfiguration;
			buildSettings = {
				ASSETCATALOG_COMPILER_APPICON_NAME = AppIcon;
				ASSETCATALOG_COMPILER_GLOBAL_ACCENT_COLOR_NAME = AccentColor;
				CODE_SIGN_STYLE = Automatic;
				CURRENT_PROJECT_VERSION = 1;
				DEVELOPMENT_TEAM = 2GNX9Y2SZ7;
				GENERATE_INFOPLIST_FILE = YES;
				INFOPLIST_FILE = "On it! - Task Scheduling/Info.plist";
				INFOPLIST_KEY_UIApplicationSupportsIndirectInputEvents = YES;
				INFOPLIST_KEY_UILaunchStoryboardName = LaunchScreen;
				INFOPLIST_KEY_UIMainStoryboardFile = Main;
				INFOPLIST_KEY_UISupportedInterfaceOrientations_iPad = "UIInterfaceOrientationPortrait UIInterfaceOrientationPortraitUpsideDown UIInterfaceOrientationLandscapeLeft UIInterfaceOrientationLandscapeRight";
				INFOPLIST_KEY_UISupportedInterfaceOrientations_iPhone = "UIInterfaceOrientationPortrait UIInterfaceOrientationLandscapeLeft UIInterfaceOrientationLandscapeRight";
				LD_RUNPATH_SEARCH_PATHS = (
					"$(inherited)",
					"@executable_path/Frameworks",
				);
				MARKETING_VERSION = 1.0;
				PRODUCT_BUNDLE_IDENTIFIER = "Daniel-Ocasio.On-it----Task-Scheduling";
				PRODUCT_NAME = "$(TARGET_NAME)";
				SWIFT_EMIT_LOC_STRINGS = YES;
				SWIFT_VERSION = 5.0;
				TARGETED_DEVICE_FAMILY = "1,2";
			};
			name = Release;
		};
/* End XCBuildConfiguration section */

/* Begin XCConfigurationList section */
		93334C922913310100991CDA /* Build configuration list for PBXProject "On it! - Task Scheduling" */ = {
			isa = XCConfigurationList;
			buildConfigurations = (
				93334CA92913310300991CDA /* Debug */,
				93334CAA2913310300991CDA /* Release */,
			);
			defaultConfigurationIsVisible = 0;
			defaultConfigurationName = Release;
		};
		93334CAB2913310300991CDA /* Build configuration list for PBXNativeTarget "On it! - Task Scheduling" */ = {
			isa = XCConfigurationList;
			buildConfigurations = (
				93334CAC2913310300991CDA /* Debug */,
				93334CAD2913310300991CDA /* Release */,
			);
			defaultConfigurationIsVisible = 0;
			defaultConfigurationName = Release;
		};
/* End XCConfigurationList section */
	};
	rootObject = 93334C8F2913310100991CDA /* Project object */;
}
